
Microsoft Visual Studio Solution File, Format Version 12.00
# Visual Studio 15
VisualStudioVersion = 15.0.26228.4
MinimumVisualStudioVersion = 10.0.40219.1
Project("{8BC9CEB8-8B4A-11D0-8D11-00A0C91BC942}") = "simplest-mediadata", "simplest-mediadata\simplest-mediadata.vcxproj", "{F3C34262-0AB0-4E3D-8BB8-BDF8A5630904}"
EndProject
Project("{2150E333-8FDC-42A3-9474-1A3956D46DE8}") = "github", "github", "{AAD6BA02-F0E1-4DBA-938B-35AF742A45B9}"
	ProjectSection(SolutionItems) = preProject
		..\.gitignore = ..\.gitignore
		..\README.md = ..\README.md
	EndProjectSection
EndProject
Project("{8BC9CEB8-8B4A-11D0-8D11-00A0C91BC942}") = "pub", "pub\pub.vcxproj", "{0B87ADDE-5ACD-4706-A3BD-3D384799942C}"
EndProject
Global
	GlobalSection(SolutionConfigurationPlatforms) = preSolution
		Debug|x64 = Debug|x64
		Debug|x86 = Debug|x86
		Release|x64 = Release|x64
		Release|x86 = Release|x86
	EndGlobalSection
	GlobalSection(ProjectConfigurationPlatforms) = postSolution
		{F3C34262-0AB0-4E3D-8BB8-BDF8A5630904}.Debug|x64.ActiveCfg = Debug|x64
		{F3C34262-0AB0-4E3D-8BB8-BDF8A5630904}.Debug|x64.Build.0 = Debug|x64
		{F3C34262-0AB0-4E3D-8BB8-BDF8A5630904}.Debug|x86.ActiveCfg = Debug|Win32
		{F3C34262-0AB0-4E3D-8BB8-BDF8A5630904}.Debug|x86.Build.0 = Debug|Win32
		{F3C34262-0AB0-4E3D-8BB8-BDF8A5630904}.Release|x64.ActiveCfg = Release|x64
		{F3C34262-0AB0-4E3D-8BB8-BDF8A5630904}.Release|x64.Build.0 = Release|x64
		{F3C34262-0AB0-4E3D-8BB8-BDF8A5630904}.Release|x86.ActiveCfg = Release|Win32
		{F3C34262-0AB0-4E3D-8BB8-BDF8A5630904}.Release|x86.Build.0 = Release|Win32
		{0B87ADDE-5ACD-4706-A3BD-3D384799942C}.Debug|x64.ActiveCfg = Debug|x64
		{0B87ADDE-5ACD-4706-A3BD-3D384799942C}.Debug|x64.Build.0 = Debug|x64
		{0B87ADDE-5ACD-4706-A3BD-3D384799942C}.Debug|x86.ActiveCfg = Debug|Win32
		{0B87ADDE-5ACD-4706-A3BD-3D384799942C}.Debug|x86.Build.0 = Debug|Win32
		{0B87ADDE-5ACD-4706-A3BD-3D384799942C}.Release|x64.ActiveCfg = Release|x64
		{0B87ADDE-5ACD-4706-A3BD-3D384799942C}.Release|x64.Build.0 = Release|x64
		{0B87ADDE-5ACD-4706-A3BD-3D384799942C}.Release|x86.ActiveCfg = Release|Win32
		{0B87ADDE-5ACD-4706-A3BD-3D384799942C}.Release|x86.Build.0 = Release|Win32
	EndGlobalSection
	GlobalSection(SolutionProperties) = preSolution
		HideSolutionNode = FALSE
	EndGlobalSection
EndGlobal
